// !$*UTF8*$!
{
	archiveVersion = 1;
	classes = {
	};
	objectVersion = 46;
	objects = {

/* Begin PBXBuildFile section */
		C00F7B39190EF9D700AE7844 /* Foundation.framework in Frameworks */ = {isa = PBXBuildFile; fileRef = C00F7B38190EF9D700AE7844 /* Foundation.framework */; };
		C00F7B3B190EF9D700AE7844 /* CoreGraphics.framework in Frameworks */ = {isa = PBXBuildFile; fileRef = C00F7B3A190EF9D700AE7844 /* CoreGraphics.framework */; };
		C00F7B3D190EF9D700AE7844 /* UIKit.framework in Frameworks */ = {isa = PBXBuildFile; fileRef = C00F7B3C190EF9D700AE7844 /* UIKit.framework */; };
		C00F7B43190EF9D700AE7844 /* InfoPlist.strings in Resources */ = {isa = PBXBuildFile; fileRef = C00F7B41190EF9D700AE7844 /* InfoPlist.strings */; };
		C00F7B45190EF9D700AE7844 /* main.m in Sources */ = {isa = PBXBuildFile; fileRef = C00F7B44190EF9D700AE7844 /* main.m */; };
		C00F7B49190EF9D700AE7844 /* FEAppDelegate.m in Sources */ = {isa = PBXBuildFile; fileRef = C00F7B48190EF9D700AE7844 /* FEAppDelegate.m */; };
		C00F7B4C190EF9D700AE7844 /* Main.storyboard in Resources */ = {isa = PBXBuildFile; fileRef = C00F7B4A190EF9D700AE7844 /* Main.storyboard */; };
		C00F7B4F190EF9D700AE7844 /* FEFirstViewController.m in Sources */ = {isa = PBXBuildFile; fileRef = C00F7B4E190EF9D700AE7844 /* FEFirstViewController.m */; };
		C00F7B52190EF9D700AE7844 /* FESecondViewController.m in Sources */ = {isa = PBXBuildFile; fileRef = C00F7B51190EF9D700AE7844 /* FESecondViewController.m */; };
		C00F7B54190EF9D700AE7844 /* Images.xcassets in Resources */ = {isa = PBXBuildFile; fileRef = C00F7B53190EF9D700AE7844 /* Images.xcassets */; };
		C00F7B5B190EF9D700AE7844 /* XCTest.framework in Frameworks */ = {isa = PBXBuildFile; fileRef = C00F7B5A190EF9D700AE7844 /* XCTest.framework */; };
		C00F7B5C190EF9D700AE7844 /* Foundation.framework in Frameworks */ = {isa = PBXBuildFile; fileRef = C00F7B38190EF9D700AE7844 /* Foundation.framework */; };
		C00F7B5D190EF9D700AE7844 /* UIKit.framework in Frameworks */ = {isa = PBXBuildFile; fileRef = C00F7B3C190EF9D700AE7844 /* UIKit.framework */; };
		C00F7B65190EF9D700AE7844 /* InfoPlist.strings in Resources */ = {isa = PBXBuildFile; fileRef = C00F7B63190EF9D700AE7844 /* InfoPlist.strings */; };
		C00F7B67190EF9D700AE7844 /* FinalExamTests.m in Sources */ = {isa = PBXBuildFile; fileRef = C00F7B66190EF9D700AE7844 /* FinalExamTests.m */; };
/* End PBXBuildFile section */

/* Begin PBXContainerItemProxy section */
		C00F7B5E190EF9D700AE7844 /* PBXContainerItemProxy */ = {
			isa = PBXContainerItemProxy;
			containerPortal = C00F7B2D190EF9D700AE7844 /* Project object */;
			proxyType = 1;
			remoteGlobalIDString = C00F7B34190EF9D700AE7844;
			remoteInfo = FinalExam;
		};
/* End PBXContainerItemProxy section */

/* Begin PBXFileReference section */
		C00F7B35190EF9D700AE7844 /* FinalExam.app */ = {isa = PBXFileReference; explicitFileType = wrapper.application; includeInIndex = 0; path = FinalExam.app; sourceTree = BUILT_PRODUCTS_DIR; };
		C00F7B38190EF9D700AE7844 /* Foundation.framework */ = {isa = PBXFileReference; lastKnownFileType = wrapper.framework; name = Foundation.framework; path = System/Library/Frameworks/Foundation.framework; sourceTree = SDKROOT; };
		C00F7B3A190EF9D700AE7844 /* CoreGraphics.framework */ = {isa = PBXFileReference; lastKnownFileType = wrapper.framework; name = CoreGraphics.framework; path = System/Library/Frameworks/CoreGraphics.framework; sourceTree = SDKROOT; };
		C00F7B3C190EF9D700AE7844 /* UIKit.framework */ = {isa = PBXFileReference; lastKnownFileType = wrapper.framework; name = UIKit.framework; path = System/Library/Frameworks/UIKit.framework; sourceTree = SDKROOT; };
		C00F7B40190EF9D700AE7844 /* FinalExam-Info.plist */ = {isa = PBXFileReference; lastKnownFileType = text.plist.xml; path = "FinalExam-Info.plist"; sourceTree = "<group>"; };
		C00F7B42190EF9D700AE7844 /* en */ = {isa = PBXFileReference; lastKnownFileType = text.plist.strings; name = en; path = en.lproj/InfoPlist.strings; sourceTree = "<group>"; };
		C00F7B44190EF9D700AE7844 /* main.m */ = {isa = PBXFileReference; lastKnownFileType = sourcecode.c.objc; path = main.m; sourceTree = "<group>"; };
		C00F7B46190EF9D700AE7844 /* FinalExam-Prefix.pch */ = {isa = PBXFileReference; lastKnownFileType = sourcecode.c.h; path = "FinalExam-Prefix.pch"; sourceTree = "<group>"; };
		C00F7B47190EF9D700AE7844 /* FEAppDelegate.h */ = {isa = PBXFileReference; lastKnownFileType = sourcecode.c.h; path = FEAppDelegate.h; sourceTree = "<group>"; };
		C00F7B48190EF9D700AE7844 /* FEAppDelegate.m */ = {isa = PBXFileReference; lastKnownFileType = sourcecode.c.objc; path = FEAppDelegate.m; sourceTree = "<group>"; };
		C00F7B4B190EF9D700AE7844 /* Base */ = {isa = PBXFileReference; lastKnownFileType = file.storyboard; name = Base; path = Base.lproj/Main.storyboard; sourceTree = "<group>"; };
		C00F7B4D190EF9D700AE7844 /* FEFirstViewController.h */ = {isa = PBXFileReference; lastKnownFileType = sourcecode.c.h; path = FEFirstViewController.h; sourceTree = "<group>"; };
		C00F7B4E190EF9D700AE7844 /* FEFirstViewController.m */ = {isa = PBXFileReference; lastKnownFileType = sourcecode.c.objc; path = FEFirstViewController.m; sourceTree = "<group>"; };
		C00F7B50190EF9D700AE7844 /* FESecondViewController.h */ = {isa = PBXFileReference; lastKnownFileType = sourcecode.c.h; path = FESecondViewController.h; sourceTree = "<group>"; };
		C00F7B51190EF9D700AE7844 /* FESecondViewController.m */ = {isa = PBXFileReference; lastKnownFileType = sourcecode.c.objc; path = FESecondViewController.m; sourceTree = "<group>"; };
		C00F7B53190EF9D700AE7844 /* Images.xcassets */ = {isa = PBXFileReference; lastKnownFileType = folder.assetcatalog; path = Images.xcassets; sourceTree = "<group>"; };
		C00F7B59190EF9D700AE7844 /* FinalExamTests.xctest */ = {isa = PBXFileReference; explicitFileType = wrapper.cfbundle; includeInIndex = 0; path = FinalExamTests.xctest; sourceTree = BUILT_PRODUCTS_DIR; };
		C00F7B5A190EF9D700AE7844 /* XCTest.framework */ = {isa = PBXFileReference; lastKnownFileType = wrapper.framework; name = XCTest.framework; path = Library/Frameworks/XCTest.framework; sourceTree = DEVELOPER_DIR; };
		C00F7B62190EF9D700AE7844 /* FinalExamTests-Info.plist */ = {isa = PBXFileReference; lastKnownFileType = text.plist.xml; path = "FinalExamTests-Info.plist"; sourceTree = "<group>"; };
		C00F7B64190EF9D700AE7844 /* en */ = {isa = PBXFileReference; lastKnownFileType = text.plist.strings; name = en; path = en.lproj/InfoPlist.strings; sourceTree = "<group>"; };
		C00F7B66190EF9D700AE7844 /* FinalExamTests.m */ = {isa = PBXFileReference; lastKnownFileType = sourcecode.c.objc; path = FinalExamTests.m; sourceTree = "<group>"; };
/* End PBXFileReference section */

/* Begin PBXFrameworksBuildPhase section */
		C00F7B32190EF9D700AE7844 /* Frameworks */ = {
			isa = PBXFrameworksBuildPhase;
			buildActionMask = 2147483647;
			files = (
				C00F7B3B190EF9D700AE7844 /* CoreGraphics.framework in Frameworks */,
				C00F7B3D190EF9D700AE7844 /* UIKit.framework in Frameworks */,
				C00F7B39190EF9D700AE7844 /* Foundation.framework in Frameworks */,
			);
			runOnlyForDeploymentPostprocessing = 0;
		};
		C00F7B56190EF9D700AE7844 /* Frameworks */ = {
			isa = PBXFrameworksBuildPhase;
			buildActionMask = 2147483647;
			files = (
				C00F7B5B190EF9D700AE7844 /* XCTest.framework in Frameworks */,
				C00F7B5D190EF9D700AE7844 /* UIKit.framework in Frameworks */,
				C00F7B5C190EF9D700AE7844 /* Foundation.framework in Frameworks */,
			);
			runOnlyForDeploymentPostprocessing = 0;
		};
/* End PBXFrameworksBuildPhase section */

/* Begin PBXGroup section */
		C00F7B2C190EF9D700AE7844 = {
			isa = PBXGroup;
			children = (
				C00F7B3E190EF9D700AE7844 /* FinalExam */,
				C00F7B60190EF9D700AE7844 /* FinalExamTests */,
				C00F7B37190EF9D700AE7844 /* Frameworks */,
				C00F7B36190EF9D700AE7844 /* Products */,
			);
			sourceTree = "<group>";
		};
		C00F7B36190EF9D700AE7844 /* Products */ = {
			isa = PBXGroup;
			children = (
				C00F7B35190EF9D700AE7844 /* FinalExam.app */,
				C00F7B59190EF9D700AE7844 /* FinalExamTests.xctest */,
			);
			name = Products;
			sourceTree = "<group>";
		};
		C00F7B37190EF9D700AE7844 /* Frameworks */ = {
			isa = PBXGroup;
			children = (
				C00F7B38190EF9D700AE7844 /* Foundation.framework */,
				C00F7B3A190EF9D700AE7844 /* CoreGraphics.framework */,
				C00F7B3C190EF9D700AE7844 /* UIKit.framework */,
				C00F7B5A190EF9D700AE7844 /* XCTest.framework */,
			);
			name = Frameworks;
			sourceTree = "<group>";
		};
		C00F7B3E190EF9D700AE7844 /* FinalExam */ = {
			isa = PBXGroup;
			children = (
				C00F7B47190EF9D700AE7844 /* FEAppDelegate.h */,
				C00F7B48190EF9D700AE7844 /* FEAppDelegate.m */,
				C00F7B4A190EF9D700AE7844 /* Main.storyboard */,
				C00F7B4D190EF9D700AE7844 /* FEFirstViewController.h */,
				C00F7B4E190EF9D700AE7844 /* FEFirstViewController.m */,
				C00F7B50190EF9D700AE7844 /* FESecondViewController.h */,
				C00F7B51190EF9D700AE7844 /* FESecondViewController.m */,
				C00F7B53190EF9D700AE7844 /* Images.xcassets */,
				C00F7B3F190EF9D700AE7844 /* Supporting Files */,
			);
			path = FinalExam;
			sourceTree = "<group>";
		};
		C00F7B3F190EF9D700AE7844 /* Supporting Files */ = {
			isa = PBXGroup;
			children = (
				C00F7B40190EF9D700AE7844 /* FinalExam-Info.plist */,
				C00F7B41190EF9D700AE7844 /* InfoPlist.strings */,
				C00F7B44190EF9D700AE7844 /* main.m */,
				C00F7B46190EF9D700AE7844 /* FinalExam-Prefix.pch */,
			);
			name = "Supporting Files";
			sourceTree = "<group>";
		};
		C00F7B60190EF9D700AE7844 /* FinalExamTests */ = {
			isa = PBXGroup;
			children = (
				C00F7B66190EF9D700AE7844 /* FinalExamTests.m */,
				C00F7B61190EF9D700AE7844 /* Supporting Files */,
			);
			path = FinalExamTests;
			sourceTree = "<group>";
		};
		C00F7B61190EF9D700AE7844 /* Supporting Files */ = {
			isa = PBXGroup;
			children = (
				C00F7B62190EF9D700AE7844 /* FinalExamTests-Info.plist */,
				C00F7B63190EF9D700AE7844 /* InfoPlist.strings */,
			);
			name = "Supporting Files";
			sourceTree = "<group>";
		};
/* End PBXGroup section */

/* Begin PBXNativeTarget section */
		C00F7B34190EF9D700AE7844 /* FinalExam */ = {
			isa = PBXNativeTarget;
			buildConfigurationList = C00F7B6A190EF9D700AE7844 /* Build configuration list for PBXNativeTarget "FinalExam" */;
			buildPhases = (
				C00F7B31190EF9D700AE7844 /* Sources */,
				C00F7B32190EF9D700AE7844 /* Frameworks */,
				C00F7B33190EF9D700AE7844 /* Resources */,
			);
			buildRules = (
			);
			dependencies = (
			);
			name = FinalExam;
			productName = FinalExam;
			productReference = C00F7B35190EF9D700AE7844 /* FinalExam.app */;
			productType = "com.apple.product-type.application";
		};
		C00F7B58190EF9D700AE7844 /* FinalExamTests */ = {
			isa = PBXNativeTarget;
			buildConfigurationList = C00F7B6D190EF9D700AE7844 /* Build configuration list for PBXNativeTarget "FinalExamTests" */;
			buildPhases = (
				C00F7B55190EF9D700AE7844 /* Sources */,
				C00F7B56190EF9D700AE7844 /* Frameworks */,
				C00F7B57190EF9D700AE7844 /* Resources */,
			);
			buildRules = (
			);
			dependencies = (
				C00F7B5F190EF9D700AE7844 /* PBXTargetDependency */,
			);
			name = FinalExamTests;
			productName = FinalExamTests;
			productReference = C00F7B59190EF9D700AE7844 /* FinalExamTests.xctest */;
			productType = "com.apple.product-type.bundle.unit-test";
		};
/* End PBXNativeTarget section */

/* Begin PBXProject section */
		C00F7B2D190EF9D700AE7844 /* Project object */ = {
			isa = PBXProject;
			attributes = {
				CLASSPREFIX = FE;
				LastUpgradeCheck = 0510;
				ORGANIZATIONNAME = "Zixuan Huang";
				TargetAttributes = {
					C00F7B58190EF9D700AE7844 = {
						TestTargetID = C00F7B34190EF9D700AE7844;
					};
				};
			};
			buildConfigurationList = C00F7B30190EF9D700AE7844 /* Build configuration list for PBXProject "FinalExam" */;
			compatibilityVersion = "Xcode 3.2";
			developmentRegion = English;
			hasScannedForEncodings = 0;
			knownRegions = (
				en,
				Base,
			);
			mainGroup = C00F7B2C190EF9D700AE7844;
			productRefGroup = C00F7B36190EF9D700AE7844 /* Products */;
			projectDirPath = "";
			projectRoot = "";
			targets = (
				C00F7B34190EF9D700AE7844 /* FinalExam */,
				C00F7B58190EF9D700AE7844 /* FinalExamTests */,
			);
		};
/* End PBXProject section */

/* Begin PBXResourcesBuildPhase section */
		C00F7B33190EF9D700AE7844 /* Resources */ = {
			isa = PBXResourcesBuildPhase;
			buildActionMask = 2147483647;
			files = (
				C00F7B54190EF9D700AE7844 /* Images.xcassets in Resources */,
				C00F7B43190EF9D700AE7844 /* InfoPlist.strings in Resources */,
				C00F7B4C190EF9D700AE7844 /* Main.storyboard in Resources */,
			);
			runOnlyForDeploymentPostprocessing = 0;
		};
		C00F7B57190EF9D700AE7844 /* Resources */ = {
			isa = PBXResourcesBuildPhase;
			buildActionMask = 2147483647;
			files = (
				C00F7B65190EF9D700AE7844 /* InfoPlist.strings in Resources */,
			);
			runOnlyForDeploymentPostprocessing = 0;
		};
/* End PBXResourcesBuildPhase section */

/* Begin PBXSourcesBuildPhase section */
		C00F7B31190EF9D700AE7844 /* Sources */ = {
			isa = PBXSourcesBuildPhase;
			buildActionMask = 2147483647;
			files = (
				C00F7B4F190EF9D700AE7844 /* FEFirstViewController.m in Sources */,
				C00F7B52190EF9D700AE7844 /* FESecondViewController.m in Sources */,
				C00F7B45190EF9D700AE7844 /* main.m in Sources */,
				C00F7B49190EF9D700AE7844 /* FEAppDelegate.m in Sources */,
			);
			runOnlyForDeploymentPostprocessing = 0;
		};
		C00F7B55190EF9D700AE7844 /* Sources */ = {
			isa = PBXSourcesBuildPhase;
			buildActionMask = 2147483647;
			files = (
				C00F7B67190EF9D700AE7844 /* FinalExamTests.m in Sources */,
			);
			runOnlyForDeploymentPostprocessing = 0;
		};
/* End PBXSourcesBuildPhase section */

/* Begin PBXTargetDependency section */
		C00F7B5F190EF9D700AE7844 /* PBXTargetDependency */ = {
			isa = PBXTargetDependency;
			target = C00F7B34190EF9D700AE7844 /* FinalExam */;
			targetProxy = C00F7B5E190EF9D700AE7844 /* PBXContainerItemProxy */;
		};
/* End PBXTargetDependency section */

/* Begin PBXVariantGroup section */
		C00F7B41190EF9D700AE7844 /* InfoPlist.strings */ = {
			isa = PBXVariantGroup;
			children = (
				C00F7B42190EF9D700AE7844 /* en */,
			);
			name = InfoPlist.strings;
			sourceTree = "<group>";
		};
		C00F7B4A190EF9D700AE7844 /* Main.storyboard */ = {
			isa = PBXVariantGroup;
			children = (
				C00F7B4B190EF9D700AE7844 /* Base */,
			);
			name = Main.storyboard;
			sourceTree = "<group>";
		};
		C00F7B63190EF9D700AE7844 /* InfoPlist.strings */ = {
			isa = PBXVariantGroup;
			children = (
				C00F7B64190EF9D700AE7844 /* en */,
			);
			name = InfoPlist.strings;
			sourceTree = "<group>";
		};
/* End PBXVariantGroup section */

/* Begin XCBuildConfiguration section */
		C00F7B68190EF9D700AE7844 /* Debug */ = {
			isa = XCBuildConfiguration;
			buildSettings = {
				ALWAYS_SEARCH_USER_PATHS = NO;
				CLANG_CXX_LANGUAGE_STANDARD = "gnu++0x";
				CLANG_CXX_LIBRARY = "libc++";
				CLANG_ENABLE_MODULES = YES;
				CLANG_ENABLE_OBJC_ARC = YES;
				CLANG_WARN_BOOL_CONVERSION = YES;
				CLANG_WARN_CONSTANT_CONVERSION = YES;
				CLANG_WARN_DIRECT_OBJC_ISA_USAGE = YES_ERROR;
				CLANG_WARN_EMPTY_BODY = YES;
				CLANG_WARN_ENUM_CONVERSION = YES;
				CLANG_WARN_INT_CONVERSION = YES;
				CLANG_WARN_OBJC_ROOT_CLASS = YES_ERROR;
				CLANG_WARN__DUPLICATE_METHOD_MATCH = YES;
				"CODE_SIGN_IDENTITY[sdk=iphoneos*]" = "iPhone Developer";
				COPY_PHASE_STRIP = NO;
				GCC_C_LANGUAGE_STANDARD = gnu99;
				GCC_DYNAMIC_NO_PIC = NO;
				GCC_OPTIMIZATION_LEVEL = 0;
				GCC_PREPROCESSOR_DEFINITIONS = (
					"DEBUG=1",
					"$(inherited)",
				);
				GCC_SYMBOLS_PRIVATE_EXTERN = NO;
				GCC_WARN_64_TO_32_BIT_CONVERSION = YES;
				GCC_WARN_ABOUT_RETURN_TYPE = YES_ERROR;
				GCC_WARN_UNDECLARED_SELECTOR = YES;
				GCC_WARN_UNINITIALIZED_AUTOS = YES_AGGRESSIVE;
				GCC_WARN_UNUSED_FUNCTION = YES;
				GCC_WARN_UNUSED_VARIABLE = YES;
				IPHONEOS_DEPLOYMENT_TARGET = 7.1;
				ONLY_ACTIVE_ARCH = YES;
				SDKROOT = iphoneos;
			};
			name = Debug;
		};
		C00F7B69190EF9D700AE7844 /* Release */ = {
			isa = XCBuildConfiguration;
			buildSettings = {
				ALWAYS_SEARCH_USER_PATHS = NO;
				CLANG_CXX_LANGUAGE_STANDARD = "gnu++0x";
				CLANG_CXX_LIBRARY = "libc++";
				CLANG_ENABLE_MODULES = YES;
				CLANG_ENABLE_OBJC_ARC = YES;
				CLANG_WARN_BOOL_CONVERSION = YES;
				CLANG_WARN_CONSTANT_CONVERSION = YES;
				CLANG_WARN_DIRECT_OBJC_ISA_USAGE = YES_ERROR;
				CLANG_WARN_EMPTY_BODY = YES;
				CLANG_WARN_ENUM_CONVERSION = YES;
				CLANG_WARN_INT_CONVERSION = YES;
				CLANG_WARN_OBJC_ROOT_CLASS = YES_ERROR;
				CLANG_WARN__DUPLICATE_METHOD_MATCH = YES;
				"CODE_SIGN_IDENTITY[sdk=iphoneos*]" = "iPhone Developer";
				COPY_PHASE_STRIP = YES;
				ENABLE_NS_ASSERTIONS = NO;
				GCC_C_LANGUAGE_STANDARD = gnu99;
				GCC_WARN_64_TO_32_BIT_CONVERSION = YES;
				GCC_WARN_ABOUT_RETURN_TYPE = YES_ERROR;
				GCC_WARN_UNDECLARED_SELECTOR = YES;
				GCC_WARN_UNINITIALIZED_AUTOS = YES_AGGRESSIVE;
				GCC_WARN_UNUSED_FUNCTION = YES;
				GCC_WARN_UNUSED_VARIABLE = YES;
				IPHONEOS_DEPLOYMENT_TARGET = 7.1;
				SDKROOT = iphoneos;
				VALIDATE_PRODUCT = YES;
			};
			name = Release;
		};
		C00F7B6B190EF9D700AE7844 /* Debug */ = {
			isa = XCBuildConfiguration;
			buildSettings = {
				ASSETCATALOG_COMPILER_APPICON_NAME = AppIcon;
				ASSETCATALOG_COMPILER_LAUNCHIMAGE_NAME = LaunchImage;
				GCC_PRECOMPILE_PREFIX_HEADER = YES;
				GCC_PREFIX_HEADER = "FinalExam/FinalExam-Prefix.pch";
				INFOPLIST_FILE = "FinalExam/FinalExam-Info.plist";
				PRODUCT_NAME = "$(TARGET_NAME)";
				WRAPPER_EXTENSION = app;
			};
			name = Debug;
		};
		C00F7B6C190EF9D700AE7844 /* Release */ = {
			isa = XCBuildConfiguration;
			buildSettings = {
				ASSETCATALOG_COMPILER_APPICON_NAME = AppIcon;
				ASSETCATALOG_COMPILER_LAUNCHIMAGE_NAME = LaunchImage;
				GCC_PRECOMPILE_PREFIX_HEADER = YES;
				GCC_PREFIX_HEADER = "FinalExam/FinalExam-Prefix.pch";
				INFOPLIST_FILE = "FinalExam/FinalExam-Info.plist";
				PRODUCT_NAME = "$(TARGET_NAME)";
				WRAPPER_EXTENSION = app;
			};
			name = Release;
		};
		C00F7B6E190EF9D700AE7844 /* Debug */ = {
			isa = XCBuildConfiguration;
			buildSettings = {
				BUNDLE_LOADER = "$(BUILT_PRODUCTS_DIR)/FinalExam.app/FinalExam";
				FRAMEWORK_SEARCH_PATHS = (
					"$(SDKROOT)/Developer/Library/Frameworks",
					"$(inherited)",
					"$(DEVELOPER_FRAMEWORKS_DIR)",
				);
				GCC_PRECOMPILE_PREFIX_HEADER = YES;
				GCC_PREFIX_HEADER = "FinalExam/FinalExam-Prefix.pch";
				GCC_PREPROCESSOR_DEFINITIONS = (
					"DEBUG=1",
					"$(inherited)",
				);
				INFOPLIST_FILE = "FinalExamTests/FinalExamTests-Info.plist";
				PRODUCT_NAME = "$(TARGET_NAME)";
				TEST_HOST = "$(BUNDLE_LOADER)";
				WRAPPER_EXTENSION = xctest;
			};
			name = Debug;
		};
		C00F7B6F190EF9D700AE7844 /* Release */ = {
			isa = XCBuildConfiguration;
			buildSettings = {
				BUNDLE_LOADER = "$(BUILT_PRODUCTS_DIR)/FinalExam.app/FinalExam";
				FRAMEWORK_SEARCH_PATHS = (
					"$(SDKROOT)/Developer/Library/Frameworks",
					"$(inherited)",
					"$(DEVELOPER_FRAMEWORKS_DIR)",
				);
				GCC_PRECOMPILE_PREFIX_HEADER = YES;
				GCC_PREFIX_HEADER = "FinalExam/FinalExam-Prefix.pch";
				INFOPLIST_FILE = "FinalExamTests/FinalExamTests-Info.plist";
				PRODUCT_NAME = "$(TARGET_NAME)";
				TEST_HOST = "$(BUNDLE_LOADER)";
				WRAPPER_EXTENSION = xctest;
			};
			name = Release;
		};
/* End XCBuildConfiguration section */

/* Begin XCConfigurationList section */
		C00F7B30190EF9D700AE7844 /* Build configuration list for PBXProject "FinalExam" */ = {
			isa = XCConfigurationList;
			buildConfigurations = (
				C00F7B68190EF9D700AE7844 /* Debug */,
				C00F7B69190EF9D700AE7844 /* Release */,
			);
			defaultConfigurationIsVisible = 0;
			defaultConfigurationName = Release;
		};
		C00F7B6A190EF9D700AE7844 /* Build configuration list for PBXNativeTarget "FinalExam" */ = {
			isa = XCConfigurationList;
			buildConfigurations = (
				C00F7B6B190EF9D700AE7844 /* Debug */,
				C00F7B6C190EF9D700AE7844 /* Release */,
			);
			defaultConfigurationIsVisible = 0;
		};
		C00F7B6D190EF9D700AE7844 /* Build configuration list for PBXNativeTarget "FinalExamTests" */ = {
			isa = XCConfigurationList;
			buildConfigurations = (
				C00F7B6E190EF9D700AE7844 /* Debug */,
				C00F7B6F190EF9D700AE7844 /* Release */,
			);
			defaultConfigurationIsVisible = 0;
		};
/* End XCConfigurationList section */
	};
	rootObject = C00F7B2D190EF9D700AE7844 /* Project object */;
}
